
Microsoft Visual Studio Solution File, Format Version 12.00
# Visual Studio Version 17
VisualStudioVersion = 17.10.34916.146
MinimumVisualStudioVersion = 10.0.40219.1
Project("{FAE04EC0-301F-11D3-BF4B-00C04F79EFBC}") = "CrudOperation", "CrudOperation.csproj", "{61EDF81E-49B8-4C74-8D1D-DB45E5C7CACB}"
EndProject
Global
	GlobalSection(SolutionConfigurationPlatforms) = preSolution
		Debug|Any CPU = Debug|Any CPU
		Release|Any CPU = Release|Any CPU
	EndGlobalSection
	GlobalSection(ProjectConfigurationPlatforms) = postSolution
		{61EDF81E-49B8-4C74-8D1D-DB45E5C7CACB}.Debug|Any CPU.ActiveCfg = Debug|Any CPU
		{61EDF81E-49B8-4C74-8D1D-DB45E5C7CACB}.Debug|Any CPU.Build.0 = Debug|Any CPU
		{61EDF81E-49B8-4C74-8D1D-DB45E5C7CACB}.Release|Any CPU.ActiveCfg = Release|Any CPU
		{61EDF81E-49B8-4C74-8D1D-DB45E5C7CACB}.Release|Any CPU.Build.0 = Release|Any CPU
	EndGlobalSection
	GlobalSection(SolutionProperties) = preSolution
		HideSolutionNode = FALSE
	EndGlobalSection
	GlobalSection(ExtensibilityGlobals) = postSolution
		SolutionGuid = {59193D44-3AE4-40BA-A4F5-BD5AB6D38B86}
	EndGlobalSection
EndGlobal
